
Microsoft Visual Studio Solution File, Format Version 12.00
# Visual Studio Version 16
VisualStudioVersion = 16.0.30225.117
MinimumVisualStudioVersion = 10.0.40219.1
Project("{9092AA53-FB77-4645-B42D-1CCCA6BD08BD}") = "Passport_Authentication", "Passport_Authentication\Passport_Authentication.njsproj", "{0538F046-C948-4808-B455-B99C5935CE80}"
EndProject
Global
	GlobalSection(SolutionConfigurationPlatforms) = preSolution
		Debug|Any CPU = Debug|Any CPU
		Release|Any CPU = Release|Any CPU
	EndGlobalSection
	GlobalSection(ProjectConfigurationPlatforms) = postSolution
		{0538F046-C948-4808-B455-B99C5935CE80}.Debug|Any CPU.ActiveCfg = Debug|Any CPU
		{0538F046-C948-4808-B455-B99C5935CE80}.Debug|Any CPU.Build.0 = Debug|Any CPU
		{0538F046-C948-4808-B455-B99C5935CE80}.Release|Any CPU.ActiveCfg = Release|Any CPU
		{0538F046-C948-4808-B455-B99C5935CE80}.Release|Any CPU.Build.0 = Release|Any CPU
	EndGlobalSection
	GlobalSection(SolutionProperties) = preSolution
		HideSolutionNode = FALSE
	EndGlobalSection
	GlobalSection(ExtensibilityGlobals) = postSolution
		SolutionGuid = {AF1AD1F2-81E4-425D-9374-0166A5661E4D}
	EndGlobalSection
EndGlobal
